// !$*UTF8*$!
{
	archiveVersion = 1;
	classes = {
	};
	objectVersion = 46;
	objects = {

/* Begin PBXBuildFile section */
		8B028CA71BB1B20800AFD558 /* SQLighterDbImpl.m in Sources */ = {isa = PBXBuildFile; fileRef = 8B028CA51BB1B20800AFD558 /* SQLighterDbImpl.m */; };
		8B028CA81BB1B20800AFD558 /* SQLighterRsImpl.m in Sources */ = {isa = PBXBuildFile; fileRef = 8B028CA61BB1B20800AFD558 /* SQLighterRsImpl.m */; };
		8B0987001BBD8C4C003534E2 /* j2objc-w-refl.sh in Resources */ = {isa = PBXBuildFile; fileRef = 8B0986FF1BBD8C4C003534E2 /* j2objc-w-refl.sh */; };
		8B1C0E331C3CDBA600FEE4DF /* MobilighterImpl.m in Sources */ = {isa = PBXBuildFile; fileRef = 8B1C0E301C3CDBA600FEE4DF /* MobilighterImpl.m */; };
		8B1C0E341C3CDBA600FEE4DF /* MobilAction.m in Sources */ = {isa = PBXBuildFile; fileRef = 8B1C0E311C3CDBA600FEE4DF /* MobilAction.m */; };
		8B1C0E351C3CDBA600FEE4DF /* Mobilighter.m in Sources */ = {isa = PBXBuildFile; fileRef = 8B1C0E321C3CDBA600FEE4DF /* Mobilighter.m */; };
		8B1C0E401C3FA49100FEE4DF /* AnAttribImpl.m in Sources */ = {isa = PBXBuildFile; fileRef = 8B1C0E371C3FA49100FEE4DF /* AnAttribImpl.m */; };
		8B1C0E411C3FA49100FEE4DF /* AnObjectImpl.m in Sources */ = {isa = PBXBuildFile; fileRef = 8B1C0E391C3FA49100FEE4DF /* AnObjectImpl.m */; };
		8B1C0E421C3FA49100FEE4DF /* AnOrmImpl.m in Sources */ = {isa = PBXBuildFile; fileRef = 8B1C0E3B1C3FA49100FEE4DF /* AnOrmImpl.m */; };
		8B1C0E431C3FA49100FEE4DF /* AnSqlImpl.m in Sources */ = {isa = PBXBuildFile; fileRef = 8B1C0E3D1C3FA49100FEE4DF /* AnSqlImpl.m */; };
		8B1C0E441C3FA49100FEE4DF /* AnUpgradeImpl.m in Sources */ = {isa = PBXBuildFile; fileRef = 8B1C0E3F1C3FA49100FEE4DF /* AnUpgradeImpl.m */; };
		8B1C0E4F1C3FA4A300FEE4DF /* AnAttrib.m in Sources */ = {isa = PBXBuildFile; fileRef = 8B1C0E461C3FA4A300FEE4DF /* AnAttrib.m */; };
		8B1C0E501C3FA4A300FEE4DF /* AnObject.m in Sources */ = {isa = PBXBuildFile; fileRef = 8B1C0E481C3FA4A300FEE4DF /* AnObject.m */; };
		8B1C0E511C3FA4A300FEE4DF /* AnOrm.m in Sources */ = {isa = PBXBuildFile; fileRef = 8B1C0E4A1C3FA4A300FEE4DF /* AnOrm.m */; };
		8B1C0E521C3FA4A300FEE4DF /* AnSql.m in Sources */ = {isa = PBXBuildFile; fileRef = 8B1C0E4C1C3FA4A300FEE4DF /* AnSql.m */; };
		8B1C0E531C3FA4A300FEE4DF /* AnUpgrade.m in Sources */ = {isa = PBXBuildFile; fileRef = 8B1C0E4E1C3FA4A300FEE4DF /* AnUpgrade.m */; };
		8B9848E21C2535A20098CF13 /* Appointment.m in Sources */ = {isa = PBXBuildFile; fileRef = 8B9848DF1C2535A20098CF13 /* Appointment.m */; };
		8B9848E31C2535A20098CF13 /* Entity.m in Sources */ = {isa = PBXBuildFile; fileRef = 8B9848E11C2535A20098CF13 /* Entity.m */; };
		8B9E83DD1C043F4500F8CE66 /* SQLighterDb.m in Sources */ = {isa = PBXBuildFile; fileRef = 8B9E83DA1C043F4500F8CE66 /* SQLighterDb.m */; };
		8B9E83DE1C043F4500F8CE66 /* SQLighterRs.m in Sources */ = {isa = PBXBuildFile; fileRef = 8B9E83DB1C043F4500F8CE66 /* SQLighterRs.m */; };
		8BF799C41BF1A95C00CA99B7 /* libguava.a in Frameworks */ = {isa = PBXBuildFile; fileRef = 8BF799BC1BF1A95C00CA99B7 /* libguava.a */; };
		8BF799C51BF1A95C00CA99B7 /* libjavax_inject.a in Frameworks */ = {isa = PBXBuildFile; fileRef = 8BF799BD1BF1A95C00CA99B7 /* libjavax_inject.a */; };
		8BF799C61BF1A95C00CA99B7 /* libjre_emul_core.a in Frameworks */ = {isa = PBXBuildFile; fileRef = 8BF799BE1BF1A95C00CA99B7 /* libjre_emul_core.a */; };
		8BF799C71BF1A95C00CA99B7 /* libjre_emul.a in Frameworks */ = {isa = PBXBuildFile; fileRef = 8BF799BF1BF1A95C00CA99B7 /* libjre_emul.a */; };
		8BF799C81BF1A95C00CA99B7 /* libjsr305.a in Frameworks */ = {isa = PBXBuildFile; fileRef = 8BF799C01BF1A95C00CA99B7 /* libjsr305.a */; };
		8BF799C91BF1A95C00CA99B7 /* libjunit.a in Frameworks */ = {isa = PBXBuildFile; fileRef = 8BF799C11BF1A95C00CA99B7 /* libjunit.a */; };
		8BF799CA1BF1A95C00CA99B7 /* libmockito.a in Frameworks */ = {isa = PBXBuildFile; fileRef = 8BF799C21BF1A95C00CA99B7 /* libmockito.a */; };
		8BF799CB1BF1A95C00CA99B7 /* libprotobuf_runtime.a in Frameworks */ = {isa = PBXBuildFile; fileRef = 8BF799C31BF1A95C00CA99B7 /* libprotobuf_runtime.a */; };
		8BF799CD1BF1A9DC00CA99B7 /* libsqlite3.dylib in Frameworks */ = {isa = PBXBuildFile; fileRef = 8BF799CC1BF1A9DC00CA99B7 /* libsqlite3.dylib */; };
		8BF799CF1BF1AA5100CA99B7 /* libz.1.dylib in Frameworks */ = {isa = PBXBuildFile; fileRef = 8BF799CE1BF1AA5100CA99B7 /* libz.1.dylib */; };
		8BF799D11BF1AAA600CA99B7 /* libicucore.A.dylib in Frameworks */ = {isa = PBXBuildFile; fileRef = 8BF799D01BF1AAA600CA99B7 /* libicucore.A.dylib */; };
		F32A9E5F1B9028CE0092C868 /* convert.sh in Resources */ = {isa = PBXBuildFile; fileRef = F32A9E5C1B9028CE0092C868 /* convert.sh */; };
		F32A9E601B9028CE0092C868 /* pckgs.sh in Resources */ = {isa = PBXBuildFile; fileRef = F32A9E5D1B9028CE0092C868 /* pckgs.sh */; };
		F32A9E611B9028CE0092C868 /* j2objc.sh in Resources */ = {isa = PBXBuildFile; fileRef = F32A9E5E1B9028CE0092C868 /* j2objc.sh */; };
		F32A9EA41B9ACFF20092C868 /* sqlite.sqlite in Resources */ = {isa = PBXBuildFile; fileRef = F32A9EA31B9ACFF20092C868 /* sqlite.sqlite */; };
		F32A9EA71B9AD6BF0092C868 /* Demo.m in Sources */ = {isa = PBXBuildFile; fileRef = F32A9EA61B9AD6BF0092C868 /* Demo.m */; };
		F32A9EC71B9ADCC00092C868 /* Bootstrap.m in Sources */ = {isa = PBXBuildFile; fileRef = F32A9EC61B9ADCC00092C868 /* Bootstrap.m */; };
		F37D0D671B90180300E73A01 /* main.m in Sources */ = {isa = PBXBuildFile; fileRef = F37D0D661B90180300E73A01 /* main.m */; };
		F37D0D6A1B90180300E73A01 /* AppDelegate.m in Sources */ = {isa = PBXBuildFile; fileRef = F37D0D691B90180300E73A01 /* AppDelegate.m */; };
		F37D0D6D1B90180300E73A01 /* ViewController.m in Sources */ = {isa = PBXBuildFile; fileRef = F37D0D6C1B90180300E73A01 /* ViewController.m */; };
		F37D0D701B90180300E73A01 /* Main.storyboard in Resources */ = {isa = PBXBuildFile; fileRef = F37D0D6E1B90180300E73A01 /* Main.storyboard */; };
		F37D0D721B90180300E73A01 /* Images.xcassets in Resources */ = {isa = PBXBuildFile; fileRef = F37D0D711B90180300E73A01 /* Images.xcassets */; };
		F37D0D751B90180300E73A01 /* LaunchScreen.xib in Resources */ = {isa = PBXBuildFile; fileRef = F37D0D731B90180300E73A01 /* LaunchScreen.xib */; };
/* End PBXBuildFile section */

/* Begin PBXFileReference section */
		8B028CA51BB1B20800AFD558 /* SQLighterDbImpl.m */ = {isa = PBXFileReference; fileEncoding = 4; lastKnownFileType = sourcecode.c.objc; name = SQLighterDbImpl.m; path = ../../../ios/j2objc/com/vals/a2ios/sqlighter/impl/SQLighterDbImpl.m; sourceTree = "<group>"; };
		8B028CA61BB1B20800AFD558 /* SQLighterRsImpl.m */ = {isa = PBXFileReference; fileEncoding = 4; lastKnownFileType = sourcecode.c.objc; name = SQLighterRsImpl.m; path = ../../../ios/j2objc/com/vals/a2ios/sqlighter/impl/SQLighterRsImpl.m; sourceTree = "<group>"; };
		8B0986FF1BBD8C4C003534E2 /* j2objc-w-refl.sh */ = {isa = PBXFileReference; fileEncoding = 4; lastKnownFileType = text.script.sh; name = "j2objc-w-refl.sh"; path = "ios-demo-prj/script/j2objc-w-refl.sh"; sourceTree = "<group>"; };
		8B1C0E301C3CDBA600FEE4DF /* MobilighterImpl.m */ = {isa = PBXFileReference; fileEncoding = 4; lastKnownFileType = sourcecode.c.objc; name = MobilighterImpl.m; path = ../../mobilighter/ios/j2objc/com/vals/a2ios/mobilighter/impl/MobilighterImpl.m; sourceTree = "<group>"; };
		8B1C0E311C3CDBA600FEE4DF /* MobilAction.m */ = {isa = PBXFileReference; fileEncoding = 4; lastKnownFileType = sourcecode.c.objc; name = MobilAction.m; path = ../../mobilighter/ios/j2objc/com/vals/a2ios/mobilighter/intf/MobilAction.m; sourceTree = "<group>"; };
		8B1C0E321C3CDBA600FEE4DF /* Mobilighter.m */ = {isa = PBXFileReference; fileEncoding = 4; lastKnownFileType = sourcecode.c.objc; name = Mobilighter.m; path = ../../mobilighter/ios/j2objc/com/vals/a2ios/mobilighter/intf/Mobilighter.m; sourceTree = "<group>"; };
		8B1C0E361C3FA49100FEE4DF /* AnAttribImpl.h */ = {isa = PBXFileReference; fileEncoding = 4; lastKnownFileType = sourcecode.c.h; name = AnAttribImpl.h; path = ../../../ios/j2objc/com/vals/a2ios/amfibian/impl/AnAttribImpl.h; sourceTree = "<group>"; };
		8B1C0E371C3FA49100FEE4DF /* AnAttribImpl.m */ = {isa = PBXFileReference; fileEncoding = 4; lastKnownFileType = sourcecode.c.objc; name = AnAttribImpl.m; path = ../../../ios/j2objc/com/vals/a2ios/amfibian/impl/AnAttribImpl.m; sourceTree = "<group>"; };
		8B1C0E381C3FA49100FEE4DF /* AnObjectImpl.h */ = {isa = PBXFileReference; fileEncoding = 4; lastKnownFileType = sourcecode.c.h; name = AnObjectImpl.h; path = ../../../ios/j2objc/com/vals/a2ios/amfibian/impl/AnObjectImpl.h; sourceTree = "<group>"; };
		8B1C0E391C3FA49100FEE4DF /* AnObjectImpl.m */ = {isa = PBXFileReference; fileEncoding = 4; lastKnownFileType = sourcecode.c.objc; name = AnObjectImpl.m; path = ../../../ios/j2objc/com/vals/a2ios/amfibian/impl/AnObjectImpl.m; sourceTree = "<group>"; };
		8B1C0E3A1C3FA49100FEE4DF /* AnOrmImpl.h */ = {isa = PBXFileReference; fileEncoding = 4; lastKnownFileType = sourcecode.c.h; name = AnOrmImpl.h; path = ../../../ios/j2objc/com/vals/a2ios/amfibian/impl/AnOrmImpl.h; sourceTree = "<group>"; };
		8B1C0E3B1C3FA49100FEE4DF /* AnOrmImpl.m */ = {isa = PBXFileReference; fileEncoding = 4; lastKnownFileType = sourcecode.c.objc; name = AnOrmImpl.m; path = ../../../ios/j2objc/com/vals/a2ios/amfibian/impl/AnOrmImpl.m; sourceTree = "<group>"; };
		8B1C0E3C1C3FA49100FEE4DF /* AnSqlImpl.h */ = {isa = PBXFileReference; fileEncoding = 4; lastKnownFileType = sourcecode.c.h; name = AnSqlImpl.h; path = ../../../ios/j2objc/com/vals/a2ios/amfibian/impl/AnSqlImpl.h; sourceTree = "<group>"; };
		8B1C0E3D1C3FA49100FEE4DF /* AnSqlImpl.m */ = {isa = PBXFileReference; fileEncoding = 4; lastKnownFileType = sourcecode.c.objc; name = AnSqlImpl.m; path = ../../../ios/j2objc/com/vals/a2ios/amfibian/impl/AnSqlImpl.m; sourceTree = "<group>"; };
		8B1C0E3E1C3FA49100FEE4DF /* AnUpgradeImpl.h */ = {isa = PBXFileReference; fileEncoding = 4; lastKnownFileType = sourcecode.c.h; name = AnUpgradeImpl.h; path = ../../../ios/j2objc/com/vals/a2ios/amfibian/impl/AnUpgradeImpl.h; sourceTree = "<group>"; };
		8B1C0E3F1C3FA49100FEE4DF /* AnUpgradeImpl.m */ = {isa = PBXFileReference; fileEncoding = 4; lastKnownFileType = sourcecode.c.objc; name = AnUpgradeImpl.m; path = ../../../ios/j2objc/com/vals/a2ios/amfibian/impl/AnUpgradeImpl.m; sourceTree = "<group>"; };
		8B1C0E451C3FA4A300FEE4DF /* AnAttrib.h */ = {isa = PBXFileReference; fileEncoding = 4; lastKnownFileType = sourcecode.c.h; name = AnAttrib.h; path = ../../../ios/j2objc/com/vals/a2ios/amfibian/intf/AnAttrib.h; sourceTree = "<group>"; };
		8B1C0E461C3FA4A300FEE4DF /* AnAttrib.m */ = {isa = PBXFileReference; fileEncoding = 4; lastKnownFileType = sourcecode.c.objc; name = AnAttrib.m; path = ../../../ios/j2objc/com/vals/a2ios/amfibian/intf/AnAttrib.m; sourceTree = "<group>"; };
		8B1C0E471C3FA4A300FEE4DF /* AnObject.h */ = {isa = PBXFileReference; fileEncoding = 4; lastKnownFileType = sourcecode.c.h; name = AnObject.h; path = ../../../ios/j2objc/com/vals/a2ios/amfibian/intf/AnObject.h; sourceTree = "<group>"; };
		8B1C0E481C3FA4A300FEE4DF /* AnObject.m */ = {isa = PBXFileReference; fileEncoding = 4; lastKnownFileType = sourcecode.c.objc; name = AnObject.m; path = ../../../ios/j2objc/com/vals/a2ios/amfibian/intf/AnObject.m; sourceTree = "<group>"; };
		8B1C0E491C3FA4A300FEE4DF /* AnOrm.h */ = {isa = PBXFileReference; fileEncoding = 4; lastKnownFileType = sourcecode.c.h; name = AnOrm.h; path = ../../../ios/j2objc/com/vals/a2ios/amfibian/intf/AnOrm.h; sourceTree = "<group>"; };
		8B1C0E4A1C3FA4A300FEE4DF /* AnOrm.m */ = {isa = PBXFileReference; fileEncoding = 4; lastKnownFileType = sourcecode.c.objc; name = AnOrm.m; path = ../../../ios/j2objc/com/vals/a2ios/amfibian/intf/AnOrm.m; sourceTree = "<group>"; };
		8B1C0E4B1C3FA4A300FEE4DF /* AnSql.h */ = {isa = PBXFileReference; fileEncoding = 4; lastKnownFileType = sourcecode.c.h; name = AnSql.h; path = ../../../ios/j2objc/com/vals/a2ios/amfibian/intf/AnSql.h; sourceTree = "<group>"; };
		8B1C0E4C1C3FA4A300FEE4DF /* AnSql.m */ = {isa = PBXFileReference; fileEncoding = 4; lastKnownFileType = sourcecode.c.objc; name = AnSql.m; path = ../../../ios/j2objc/com/vals/a2ios/amfibian/intf/AnSql.m; sourceTree = "<group>"; };
		8B1C0E4D1C3FA4A300FEE4DF /* AnUpgrade.h */ = {isa = PBXFileReference; fileEncoding = 4; lastKnownFileType = sourcecode.c.h; name = AnUpgrade.h; path = ../../../ios/j2objc/com/vals/a2ios/amfibian/intf/AnUpgrade.h; sourceTree = "<group>"; };
		8B1C0E4E1C3FA4A300FEE4DF /* AnUpgrade.m */ = {isa = PBXFileReference; fileEncoding = 4; lastKnownFileType = sourcecode.c.objc; name = AnUpgrade.m; path = ../../../ios/j2objc/com/vals/a2ios/amfibian/intf/AnUpgrade.m; sourceTree = "<group>"; };
		8B1C0E551C487E9400FEE4DF /* MobilAction.h */ = {isa = PBXFileReference; fileEncoding = 4; lastKnownFileType = sourcecode.c.h; name = MobilAction.h; path = ../../mobilighter/ios/j2objc/com/vals/a2ios/mobilighter/intf/MobilAction.h; sourceTree = "<group>"; };
		8B1C0E561C487E9400FEE4DF /* Mobilighter.h */ = {isa = PBXFileReference; fileEncoding = 4; lastKnownFileType = sourcecode.c.h; name = Mobilighter.h; path = ../../mobilighter/ios/j2objc/com/vals/a2ios/mobilighter/intf/Mobilighter.h; sourceTree = "<group>"; };
		8B9848DE1C2535A20098CF13 /* Appointment.h */ = {isa = PBXFileReference; fileEncoding = 4; lastKnownFileType = sourcecode.c.h; name = Appointment.h; path = com/prod/vals/andr_demo_prj/Appointment.h; sourceTree = "<group>"; };
		8B9848DF1C2535A20098CF13 /* Appointment.m */ = {isa = PBXFileReference; fileEncoding = 4; lastKnownFileType = sourcecode.c.objc; name = Appointment.m; path = com/prod/vals/andr_demo_prj/Appointment.m; sourceTree = "<group>"; };
		8B9848E01C2535A20098CF13 /* Entity.h */ = {isa = PBXFileReference; fileEncoding = 4; lastKnownFileType = sourcecode.c.h; name = Entity.h; path = com/prod/vals/andr_demo_prj/Entity.h; sourceTree = "<group>"; };
		8B9848E11C2535A20098CF13 /* Entity.m */ = {isa = PBXFileReference; fileEncoding = 4; lastKnownFileType = sourcecode.c.objc; name = Entity.m; path = com/prod/vals/andr_demo_prj/Entity.m; sourceTree = "<group>"; };
		8B9E83DA1C043F4500F8CE66 /* SQLighterDb.m */ = {isa = PBXFileReference; fileEncoding = 4; lastKnownFileType = sourcecode.c.objc; name = SQLighterDb.m; path = ../../../ios/j2objc/com/vals/a2ios/sqlighter/intf/SQLighterDb.m; sourceTree = "<group>"; };
		8B9E83DB1C043F4500F8CE66 /* SQLighterRs.m */ = {isa = PBXFileReference; fileEncoding = 4; lastKnownFileType = sourcecode.c.objc; name = SQLighterRs.m; path = ../../../ios/j2objc/com/vals/a2ios/sqlighter/intf/SQLighterRs.m; sourceTree = "<group>"; };
		8BF799BC1BF1A95C00CA99B7 /* libguava.a */ = {isa = PBXFileReference; lastKnownFileType = archive.ar; name = libguava.a; path = "../../../j2objc-0.9.8.2.1/lib/libguava.a"; sourceTree = "<group>"; };
		8BF799BD1BF1A95C00CA99B7 /* libjavax_inject.a */ = {isa = PBXFileReference; lastKnownFileType = archive.ar; name = libjavax_inject.a; path = "../../../j2objc-0.9.8.2.1/lib/libjavax_inject.a"; sourceTree = "<group>"; };
		8BF799BE1BF1A95C00CA99B7 /* libjre_emul_core.a */ = {isa = PBXFileReference; lastKnownFileType = archive.ar; name = libjre_emul_core.a; path = "../../../j2objc-0.9.8.2.1/lib/libjre_emul_core.a"; sourceTree = "<group>"; };
		8BF799BF1BF1A95C00CA99B7 /* libjre_emul.a */ = {isa = PBXFileReference; lastKnownFileType = archive.ar; name = libjre_emul.a; path = "../../../j2objc-0.9.8.2.1/lib/libjre_emul.a"; sourceTree = "<group>"; };
		8BF799C01BF1A95C00CA99B7 /* libjsr305.a */ = {isa = PBXFileReference; lastKnownFileType = archive.ar; name = libjsr305.a; path = "../../../j2objc-0.9.8.2.1/lib/libjsr305.a"; sourceTree = "<group>"; };
		8BF799C11BF1A95C00CA99B7 /* libjunit.a */ = {isa = PBXFileReference; lastKnownFileType = archive.ar; name = libjunit.a; path = "../../../j2objc-0.9.8.2.1/lib/libjunit.a"; sourceTree = "<group>"; };
		8BF799C21BF1A95C00CA99B7 /* libmockito.a */ = {isa = PBXFileReference; lastKnownFileType = archive.ar; name = libmockito.a; path = "../../../j2objc-0.9.8.2.1/lib/libmockito.a"; sourceTree = "<group>"; };
		8BF799C31BF1A95C00CA99B7 /* libprotobuf_runtime.a */ = {isa = PBXFileReference; lastKnownFileType = archive.ar; name = libprotobuf_runtime.a; path = "../../../j2objc-0.9.8.2.1/lib/libprotobuf_runtime.a"; sourceTree = "<group>"; };
		8BF799CC1BF1A9DC00CA99B7 /* libsqlite3.dylib */ = {isa = PBXFileReference; lastKnownFileType = "compiled.mach-o.dylib"; name = libsqlite3.dylib; path = /usr/lib/libsqlite3.dylib; sourceTree = "<absolute>"; };
		8BF799CE1BF1AA5100CA99B7 /* libz.1.dylib */ = {isa = PBXFileReference; lastKnownFileType = "compiled.mach-o.dylib"; name = libz.1.dylib; path = /usr/lib/libz.1.dylib; sourceTree = "<absolute>"; };
		8BF799D01BF1AAA600CA99B7 /* libicucore.A.dylib */ = {isa = PBXFileReference; lastKnownFileType = "compiled.mach-o.dylib"; name = libicucore.A.dylib; path = /usr/lib/libicucore.A.dylib; sourceTree = "<absolute>"; };
		F32A9E5C1B9028CE0092C868 /* convert.sh */ = {isa = PBXFileReference; fileEncoding = 4; lastKnownFileType = text.script.sh; name = convert.sh; path = "ios-demo-prj/script/convert.sh"; sourceTree = "<group>"; };
		F32A9E5D1B9028CE0092C868 /* pckgs.sh */ = {isa = PBXFileReference; fileEncoding = 4; lastKnownFileType = text.script.sh; name = pckgs.sh; path = "ios-demo-prj/script/pckgs.sh"; sourceTree = "<group>"; };
		F32A9E5E1B9028CE0092C868 /* j2objc.sh */ = {isa = PBXFileReference; fileEncoding = 4; lastKnownFileType = text.script.sh; name = j2objc.sh; path = "ios-demo-prj/script/j2objc.sh"; sourceTree = "<group>"; };
		F32A9EA31B9ACFF20092C868 /* sqlite.sqlite */ = {isa = PBXFileReference; lastKnownFileType = file; name = sqlite.sqlite; path = "../../andr-demo-prj/app/src/main/assets/sqlite.sqlite"; sourceTree = "<group>"; };
		F32A9EA51B9AD6BF0092C868 /* Demo.h */ = {isa = PBXFileReference; fileEncoding = 4; lastKnownFileType = sourcecode.c.h; name = Demo.h; path = com/prod/vals/andr_demo_prj/Demo.h; sourceTree = "<group>"; };
		F32A9EA61B9AD6BF0092C868 /* Demo.m */ = {isa = PBXFileReference; fileEncoding = 4; lastKnownFileType = sourcecode.c.objc; name = Demo.m; path = com/prod/vals/andr_demo_prj/Demo.m; sourceTree = "<group>"; };
		F32A9EC51B9ADCC00092C868 /* Bootstrap.h */ = {isa = PBXFileReference; fileEncoding = 4; lastKnownFileType = sourcecode.c.h; name = Bootstrap.h; path = com/prod/vals/andr_demo_prj/Bootstrap.h; sourceTree = "<group>"; };
		F32A9EC61B9ADCC00092C868 /* Bootstrap.m */ = {isa = PBXFileReference; fileEncoding = 4; lastKnownFileType = sourcecode.c.objc; name = Bootstrap.m; path = com/prod/vals/andr_demo_prj/Bootstrap.m; sourceTree = "<group>"; };
		F37D0D611B90180300E73A01 /* ios-demo-prj.app */ = {isa = PBXFileReference; explicitFileType = wrapper.application; includeInIndex = 0; path = "ios-demo-prj.app"; sourceTree = BUILT_PRODUCTS_DIR; };
		F37D0D651B90180300E73A01 /* Info.plist */ = {isa = PBXFileReference; lastKnownFileType = text.plist.xml; path = Info.plist; sourceTree = "<group>"; };
		F37D0D661B90180300E73A01 /* main.m */ = {isa = PBXFileReference; lastKnownFileType = sourcecode.c.objc; path = main.m; sourceTree = "<group>"; };
		F37D0D681B90180300E73A01 /* AppDelegate.h */ = {isa = PBXFileReference; lastKnownFileType = sourcecode.c.h; path = AppDelegate.h; sourceTree = "<group>"; };
		F37D0D691B90180300E73A01 /* AppDelegate.m */ = {isa = PBXFileReference; lastKnownFileType = sourcecode.c.objc; path = AppDelegate.m; sourceTree = "<group>"; };
		F37D0D6B1B90180300E73A01 /* ViewController.h */ = {isa = PBXFileReference; lastKnownFileType = sourcecode.c.h; path = ViewController.h; sourceTree = "<group>"; };
		F37D0D6C1B90180300E73A01 /* ViewController.m */ = {isa = PBXFileReference; lastKnownFileType = sourcecode.c.objc; path = ViewController.m; sourceTree = "<group>"; };
		F37D0D6F1B90180300E73A01 /* Base */ = {isa = PBXFileReference; lastKnownFileType = file.storyboard; name = Base; path = Base.lproj/Main.storyboard; sourceTree = "<group>"; };
		F37D0D711B90180300E73A01 /* Images.xcassets */ = {isa = PBXFileReference; lastKnownFileType = folder.assetcatalog; path = Images.xcassets; sourceTree = "<group>"; };
		F37D0D741B90180300E73A01 /* Base */ = {isa = PBXFileReference; lastKnownFileType = file.xib; name = Base; path = Base.lproj/LaunchScreen.xib; sourceTree = "<group>"; };
		F37D0D7F1B90180400E73A01 /* Info.plist */ = {isa = PBXFileReference; lastKnownFileType = text.plist.xml; path = Info.plist; sourceTree = "<group>"; };
		F37D0D801B90180400E73A01 /* ios_demo_prjTests.m */ = {isa = PBXFileReference; lastKnownFileType = sourcecode.c.objc; path = ios_demo_prjTests.m; sourceTree = "<group>"; };
/* End PBXFileReference section */

/* Begin PBXFrameworksBuildPhase section */
		F37D0D5E1B90180300E73A01 /* Frameworks */ = {
			isa = PBXFrameworksBuildPhase;
			buildActionMask = 2147483647;
			files = (
				8BF799D11BF1AAA600CA99B7 /* libicucore.A.dylib in Frameworks */,
				8BF799CF1BF1AA5100CA99B7 /* libz.1.dylib in Frameworks */,
				8BF799CD1BF1A9DC00CA99B7 /* libsqlite3.dylib in Frameworks */,
				8BF799C41BF1A95C00CA99B7 /* libguava.a in Frameworks */,
				8BF799C51BF1A95C00CA99B7 /* libjavax_inject.a in Frameworks */,
				8BF799C61BF1A95C00CA99B7 /* libjre_emul_core.a in Frameworks */,
				8BF799C71BF1A95C00CA99B7 /* libjre_emul.a in Frameworks */,
				8BF799C81BF1A95C00CA99B7 /* libjsr305.a in Frameworks */,
				8BF799C91BF1A95C00CA99B7 /* libjunit.a in Frameworks */,
				8BF799CA1BF1A95C00CA99B7 /* libmockito.a in Frameworks */,
				8BF799CB1BF1A95C00CA99B7 /* libprotobuf_runtime.a in Frameworks */,
			);
			runOnlyForDeploymentPostprocessing = 0;
		};
/* End PBXFrameworksBuildPhase section */

/* Begin PBXGroup section */
		F32A9E5B1B9028AB0092C868 /* script */ = {
			isa = PBXGroup;
			children = (
				8B0986FF1BBD8C4C003534E2 /* j2objc-w-refl.sh */,
				F32A9E5C1B9028CE0092C868 /* convert.sh */,
				F32A9E5D1B9028CE0092C868 /* pckgs.sh */,
				F32A9E5E1B9028CE0092C868 /* j2objc.sh */,
			);
			name = script;
			sourceTree = "<group>";
		};
		F32A9EBE1B9ADA7B0092C868 /* libs */ = {
			isa = PBXGroup;
			children = (
				8BF799D01BF1AAA600CA99B7 /* libicucore.A.dylib */,
				8BF799CE1BF1AA5100CA99B7 /* libz.1.dylib */,
				8BF799CC1BF1A9DC00CA99B7 /* libsqlite3.dylib */,
				8BF799BC1BF1A95C00CA99B7 /* libguava.a */,
				8BF799BD1BF1A95C00CA99B7 /* libjavax_inject.a */,
				8BF799BE1BF1A95C00CA99B7 /* libjre_emul_core.a */,
				8BF799BF1BF1A95C00CA99B7 /* libjre_emul.a */,
				8BF799C01BF1A95C00CA99B7 /* libjsr305.a */,
				8BF799C11BF1A95C00CA99B7 /* libjunit.a */,
				8BF799C21BF1A95C00CA99B7 /* libmockito.a */,
				8BF799C31BF1A95C00CA99B7 /* libprotobuf_runtime.a */,
			);
			name = libs;
			sourceTree = "<group>";
		};
		F37D0D581B90180300E73A01 = {
			isa = PBXGroup;
			children = (
				F32A9EBE1B9ADA7B0092C868 /* libs */,
				F32A9E5B1B9028AB0092C868 /* script */,
				F37D0D631B90180300E73A01 /* ios-demo-prj */,
				F37D0D7D1B90180400E73A01 /* ios-demo-prjTests */,
				F37D0D621B90180300E73A01 /* Products */,
			);
			sourceTree = "<group>";
		};
		F37D0D621B90180300E73A01 /* Products */ = {
			isa = PBXGroup;
			children = (
				F37D0D611B90180300E73A01 /* ios-demo-prj.app */,
			);
			name = Products;
			sourceTree = "<group>";
		};
		F37D0D631B90180300E73A01 /* ios-demo-prj */ = {
			isa = PBXGroup;
			children = (
				8B1C0E551C487E9400FEE4DF /* MobilAction.h */,
				8B1C0E561C487E9400FEE4DF /* Mobilighter.h */,
				8B1C0E451C3FA4A300FEE4DF /* AnAttrib.h */,
				8B1C0E461C3FA4A300FEE4DF /* AnAttrib.m */,
				8B1C0E471C3FA4A300FEE4DF /* AnObject.h */,
				8B1C0E481C3FA4A300FEE4DF /* AnObject.m */,
				8B1C0E491C3FA4A300FEE4DF /* AnOrm.h */,
				8B1C0E4A1C3FA4A300FEE4DF /* AnOrm.m */,
				8B1C0E4B1C3FA4A300FEE4DF /* AnSql.h */,
				8B1C0E4C1C3FA4A300FEE4DF /* AnSql.m */,
				8B1C0E4D1C3FA4A300FEE4DF /* AnUpgrade.h */,
				8B1C0E4E1C3FA4A300FEE4DF /* AnUpgrade.m */,
				8B1C0E361C3FA49100FEE4DF /* AnAttribImpl.h */,
				8B1C0E371C3FA49100FEE4DF /* AnAttribImpl.m */,
				8B1C0E381C3FA49100FEE4DF /* AnObjectImpl.h */,
				8B1C0E391C3FA49100FEE4DF /* AnObjectImpl.m */,
				8B1C0E3A1C3FA49100FEE4DF /* AnOrmImpl.h */,
				8B1C0E3B1C3FA49100FEE4DF /* AnOrmImpl.m */,
				8B1C0E3C1C3FA49100FEE4DF /* AnSqlImpl.h */,
				8B1C0E3D1C3FA49100FEE4DF /* AnSqlImpl.m */,
				8B1C0E3E1C3FA49100FEE4DF /* AnUpgradeImpl.h */,
				8B1C0E3F1C3FA49100FEE4DF /* AnUpgradeImpl.m */,
				8B1C0E301C3CDBA600FEE4DF /* MobilighterImpl.m */,
				8B1C0E311C3CDBA600FEE4DF /* MobilAction.m */,
				8B1C0E321C3CDBA600FEE4DF /* Mobilighter.m */,
				8B9848DE1C2535A20098CF13 /* Appointment.h */,
				8B9848DF1C2535A20098CF13 /* Appointment.m */,
				8B9848E01C2535A20098CF13 /* Entity.h */,
				8B9848E11C2535A20098CF13 /* Entity.m */,
				8B9E83DA1C043F4500F8CE66 /* SQLighterDb.m */,
				8B9E83DB1C043F4500F8CE66 /* SQLighterRs.m */,
				8B028CA51BB1B20800AFD558 /* SQLighterDbImpl.m */,
				8B028CA61BB1B20800AFD558 /* SQLighterRsImpl.m */,
				F32A9EC51B9ADCC00092C868 /* Bootstrap.h */,
				F32A9EC61B9ADCC00092C868 /* Bootstrap.m */,
				F32A9EA51B9AD6BF0092C868 /* Demo.h */,
				F32A9EA61B9AD6BF0092C868 /* Demo.m */,
				F32A9EA31B9ACFF20092C868 /* sqlite.sqlite */,
				F37D0D681B90180300E73A01 /* AppDelegate.h */,
				F37D0D691B90180300E73A01 /* AppDelegate.m */,
				F37D0D6B1B90180300E73A01 /* ViewController.h */,
				F37D0D6C1B90180300E73A01 /* ViewController.m */,
				F37D0D6E1B90180300E73A01 /* Main.storyboard */,
				F37D0D711B90180300E73A01 /* Images.xcassets */,
				F37D0D731B90180300E73A01 /* LaunchScreen.xib */,
				F37D0D641B90180300E73A01 /* Supporting Files */,
			);
			path = "ios-demo-prj";
			sourceTree = "<group>";
		};
		F37D0D641B90180300E73A01 /* Supporting Files */ = {
			isa = PBXGroup;
			children = (
				F37D0D651B90180300E73A01 /* Info.plist */,
				F37D0D661B90180300E73A01 /* main.m */,
			);
			name = "Supporting Files";
			sourceTree = "<group>";
		};
		F37D0D7D1B90180400E73A01 /* ios-demo-prjTests */ = {
			isa = PBXGroup;
			children = (
				F37D0D801B90180400E73A01 /* ios_demo_prjTests.m */,
				F37D0D7E1B90180400E73A01 /* Supporting Files */,
			);
			path = "ios-demo-prjTests";
			sourceTree = "<group>";
		};
		F37D0D7E1B90180400E73A01 /* Supporting Files */ = {
			isa = PBXGroup;
			children = (
				F37D0D7F1B90180400E73A01 /* Info.plist */,
			);
			name = "Supporting Files";
			sourceTree = "<group>";
		};
/* End PBXGroup section */

/* Begin PBXNativeTarget section */
		F37D0D601B90180300E73A01 /* ios-demo-prj */ = {
			isa = PBXNativeTarget;
			buildConfigurationList = F37D0D841B90180400E73A01 /* Build configuration list for PBXNativeTarget "ios-demo-prj" */;
			buildPhases = (
				F37D0D5D1B90180300E73A01 /* Sources */,
				F37D0D5E1B90180300E73A01 /* Frameworks */,
				F37D0D5F1B90180300E73A01 /* Resources */,
			);
			buildRules = (
			);
			dependencies = (
			);
			name = "ios-demo-prj";
			productName = "ios-demo-prj";
			productReference = F37D0D611B90180300E73A01 /* ios-demo-prj.app */;
			productType = "com.apple.product-type.application";
		};
/* End PBXNativeTarget section */

/* Begin PBXProject section */
		F37D0D591B90180300E73A01 /* Project object */ = {
			isa = PBXProject;
			attributes = {
				LastUpgradeCheck = 0710;
				ORGANIZATIONNAME = "Vlad Sayenko";
				TargetAttributes = {
					F37D0D601B90180300E73A01 = {
						CreatedOnToolsVersion = 6.4;
					};
				};
			};
			buildConfigurationList = F37D0D5C1B90180300E73A01 /* Build configuration list for PBXProject "ios-demo-prj" */;
			compatibilityVersion = "Xcode 3.2";
			developmentRegion = English;
			hasScannedForEncodings = 0;
			knownRegions = (
				en,
				Base,
			);
			mainGroup = F37D0D581B90180300E73A01;
			productRefGroup = F37D0D621B90180300E73A01 /* Products */;
			projectDirPath = "";
			projectRoot = "";
			targets = (
				F37D0D601B90180300E73A01 /* ios-demo-prj */,
			);
		};
/* End PBXProject section */

/* Begin PBXResourcesBuildPhase section */
		F37D0D5F1B90180300E73A01 /* Resources */ = {
			isa = PBXResourcesBuildPhase;
			buildActionMask = 2147483647;
			files = (
				F32A9E5F1B9028CE0092C868 /* convert.sh in Resources */,
				F37D0D701B90180300E73A01 /* Main.storyboard in Resources */,
				F32A9EA41B9ACFF20092C868 /* sqlite.sqlite in Resources */,
				F32A9E611B9028CE0092C868 /* j2objc.sh in Resources */,
				F37D0D751B90180300E73A01 /* LaunchScreen.xib in Resources */,
				8B0987001BBD8C4C003534E2 /* j2objc-w-refl.sh in Resources */,
				F37D0D721B90180300E73A01 /* Images.xcassets in Resources */,
				F32A9E601B9028CE0092C868 /* pckgs.sh in Resources */,
			);
			runOnlyForDeploymentPostprocessing = 0;
		};
/* End PBXResourcesBuildPhase section */

/* Begin PBXSourcesBuildPhase section */
		F37D0D5D1B90180300E73A01 /* Sources */ = {
			isa = PBXSourcesBuildPhase;
			buildActionMask = 2147483647;
			files = (
				F37D0D6D1B90180300E73A01 /* ViewController.m in Sources */,
				8B1C0E431C3FA49100FEE4DF /* AnSqlImpl.m in Sources */,
				8B1C0E411C3FA49100FEE4DF /* AnObjectImpl.m in Sources */,
				8B1C0E511C3FA4A300FEE4DF /* AnOrm.m in Sources */,
				8B1C0E521C3FA4A300FEE4DF /* AnSql.m in Sources */,
				8B1C0E441C3FA49100FEE4DF /* AnUpgradeImpl.m in Sources */,
				8B9E83DD1C043F4500F8CE66 /* SQLighterDb.m in Sources */,
				F37D0D6A1B90180300E73A01 /* AppDelegate.m in Sources */,
				8B9848E21C2535A20098CF13 /* Appointment.m in Sources */,
				8B9E83DE1C043F4500F8CE66 /* SQLighterRs.m in Sources */,
				F32A9EC71B9ADCC00092C868 /* Bootstrap.m in Sources */,
				8B028CA71BB1B20800AFD558 /* SQLighterDbImpl.m in Sources */,
				8B1C0E341C3CDBA600FEE4DF /* MobilAction.m in Sources */,
				8B1C0E531C3FA4A300FEE4DF /* AnUpgrade.m in Sources */,
				8B1C0E331C3CDBA600FEE4DF /* MobilighterImpl.m in Sources */,
				8B1C0E421C3FA49100FEE4DF /* AnOrmImpl.m in Sources */,
				8B1C0E351C3CDBA600FEE4DF /* Mobilighter.m in Sources */,
				F37D0D671B90180300E73A01 /* main.m in Sources */,
				F32A9EA71B9AD6BF0092C868 /* Demo.m in Sources */,
				8B1C0E401C3FA49100FEE4DF /* AnAttribImpl.m in Sources */,
				8B1C0E501C3FA4A300FEE4DF /* AnObject.m in Sources */,
				8B028CA81BB1B20800AFD558 /* SQLighterRsImpl.m in Sources */,
				8B1C0E4F1C3FA4A300FEE4DF /* AnAttrib.m in Sources */,
				8B9848E31C2535A20098CF13 /* Entity.m in Sources */,
			);
			runOnlyForDeploymentPostprocessing = 0;
		};
/* End PBXSourcesBuildPhase section */

/* Begin PBXVariantGroup section */
		F37D0D6E1B90180300E73A01 /* Main.storyboard */ = {
			isa = PBXVariantGroup;
			children = (
				F37D0D6F1B90180300E73A01 /* Base */,
			);
			name = Main.storyboard;
			sourceTree = "<group>";
		};
		F37D0D731B90180300E73A01 /* LaunchScreen.xib */ = {
			isa = PBXVariantGroup;
			children = (
				F37D0D741B90180300E73A01 /* Base */,
			);
			name = LaunchScreen.xib;
			sourceTree = "<group>";
		};
/* End PBXVariantGroup section */

/* Begin XCBuildConfiguration section */
		F37D0D821B90180400E73A01 /* Debug */ = {
			isa = XCBuildConfiguration;
			buildSettings = {
				ALWAYS_SEARCH_USER_PATHS = NO;
				CLANG_CXX_LANGUAGE_STANDARD = "gnu++0x";
				CLANG_CXX_LIBRARY = "libc++";
				CLANG_ENABLE_MODULES = YES;
				CLANG_ENABLE_OBJC_ARC = YES;
				CLANG_WARN_BOOL_CONVERSION = YES;
				CLANG_WARN_CONSTANT_CONVERSION = YES;
				CLANG_WARN_DIRECT_OBJC_ISA_USAGE = YES_ERROR;
				CLANG_WARN_EMPTY_BODY = YES;
				CLANG_WARN_ENUM_CONVERSION = YES;
				CLANG_WARN_INT_CONVERSION = YES;
				CLANG_WARN_OBJC_ROOT_CLASS = YES_ERROR;
				CLANG_WARN_UNREACHABLE_CODE = YES;
				CLANG_WARN__DUPLICATE_METHOD_MATCH = YES;
				"CODE_SIGN_IDENTITY[sdk=iphoneos*]" = "iPhone Developer";
				COPY_PHASE_STRIP = NO;
				DEBUG_INFORMATION_FORMAT = "dwarf-with-dsym";
				ENABLE_STRICT_OBJC_MSGSEND = YES;
				ENABLE_TESTABILITY = YES;
				GCC_C_LANGUAGE_STANDARD = gnu99;
				GCC_DYNAMIC_NO_PIC = NO;
				GCC_NO_COMMON_BLOCKS = YES;
				GCC_OPTIMIZATION_LEVEL = 0;
				GCC_PREPROCESSOR_DEFINITIONS = (
					"DEBUG=1",
					"$(inherited)",
				);
				GCC_SYMBOLS_PRIVATE_EXTERN = NO;
				GCC_WARN_64_TO_32_BIT_CONVERSION = YES;
				GCC_WARN_ABOUT_RETURN_TYPE = YES_ERROR;
				GCC_WARN_UNDECLARED_SELECTOR = YES;
				GCC_WARN_UNINITIALIZED_AUTOS = YES_AGGRESSIVE;
				GCC_WARN_UNUSED_FUNCTION = YES;
				GCC_WARN_UNUSED_VARIABLE = YES;
				IPHONEOS_DEPLOYMENT_TARGET = 8.4;
				MTL_ENABLE_DEBUG_INFO = YES;
				ONLY_ACTIVE_ARCH = YES;
				SDKROOT = iphoneos;
				TARGETED_DEVICE_FAMILY = "1,2";
			};
			name = Debug;
		};
		F37D0D831B90180400E73A01 /* Release */ = {
			isa = XCBuildConfiguration;
			buildSettings = {
				ALWAYS_SEARCH_USER_PATHS = NO;
				CLANG_CXX_LANGUAGE_STANDARD = "gnu++0x";
				CLANG_CXX_LIBRARY = "libc++";
				CLANG_ENABLE_MODULES = YES;
				CLANG_ENABLE_OBJC_ARC = YES;
				CLANG_WARN_BOOL_CONVERSION = YES;
				CLANG_WARN_CONSTANT_CONVERSION = YES;
				CLANG_WARN_DIRECT_OBJC_ISA_USAGE = YES_ERROR;
				CLANG_WARN_EMPTY_BODY = YES;
				CLANG_WARN_ENUM_CONVERSION = YES;
				CLANG_WARN_INT_CONVERSION = YES;
				CLANG_WARN_OBJC_ROOT_CLASS = YES_ERROR;
				CLANG_WARN_UNREACHABLE_CODE = YES;
				CLANG_WARN__DUPLICATE_METHOD_MATCH = YES;
				"CODE_SIGN_IDENTITY[sdk=iphoneos*]" = "iPhone Developer";
				COPY_PHASE_STRIP = NO;
				DEBUG_INFORMATION_FORMAT = "dwarf-with-dsym";
				ENABLE_NS_ASSERTIONS = NO;
				ENABLE_STRICT_OBJC_MSGSEND = YES;
				GCC_C_LANGUAGE_STANDARD = gnu99;
				GCC_NO_COMMON_BLOCKS = YES;
				GCC_WARN_64_TO_32_BIT_CONVERSION = YES;
				GCC_WARN_ABOUT_RETURN_TYPE = YES_ERROR;
				GCC_WARN_UNDECLARED_SELECTOR = YES;
				GCC_WARN_UNINITIALIZED_AUTOS = YES_AGGRESSIVE;
				GCC_WARN_UNUSED_FUNCTION = YES;
				GCC_WARN_UNUSED_VARIABLE = YES;
				IPHONEOS_DEPLOYMENT_TARGET = 8.4;
				MTL_ENABLE_DEBUG_INFO = NO;
				SDKROOT = iphoneos;
				TARGETED_DEVICE_FAMILY = "1,2";
				VALIDATE_PRODUCT = YES;
			};
			name = Release;
		};
		F37D0D851B90180400E73A01 /* Debug */ = {
			isa = XCBuildConfiguration;
			buildSettings = {
				ASSETCATALOG_COMPILER_APPICON_NAME = AppIcon;
				HEADER_SEARCH_PATHS = (
					"$(inherited)",
					/Applications/Xcode.app/Contents/Developer/Toolchains/XcodeDefault.xctoolchain/usr/include,
					../j2objc/include,
					../../ios/j2objc,
					"ios-demo-prj",
					../mobilighter/ios/j2objc,
				);
				INFOPLIST_FILE = "ios-demo-prj/Info.plist";
				LD_RUNPATH_SEARCH_PATHS = "$(inherited) @executable_path/Frameworks";
				LIBRARY_SEARCH_PATHS = (
					"$(inherited)",
					../j2objc/lib,
				);
				PRODUCT_BUNDLE_IDENTIFIER = "org.$(PRODUCT_NAME:rfc1034identifier)";
				PRODUCT_NAME = "$(TARGET_NAME)";
			};
			name = Debug;
		};
		F37D0D861B90180400E73A01 /* Release */ = {
			isa = XCBuildConfiguration;
			buildSettings = {
				ASSETCATALOG_COMPILER_APPICON_NAME = AppIcon;
				HEADER_SEARCH_PATHS = (
					"$(inherited)",
					/Applications/Xcode.app/Contents/Developer/Toolchains/XcodeDefault.xctoolchain/usr/include,
					../j2objc/include,
					../../ios/j2objc,
					"ios-demo-prj",
					../mobilighter/ios/j2objc,
				);
				INFOPLIST_FILE = "ios-demo-prj/Info.plist";
				LD_RUNPATH_SEARCH_PATHS = "$(inherited) @executable_path/Frameworks";
				LIBRARY_SEARCH_PATHS = (
					"$(inherited)",
					../j2objc/lib,
				);
				PRODUCT_BUNDLE_IDENTIFIER = "org.$(PRODUCT_NAME:rfc1034identifier)";
				PRODUCT_NAME = "$(TARGET_NAME)";
			};
			name = Release;
		};
/* End XCBuildConfiguration section */

/* Begin XCConfigurationList section */
		F37D0D5C1B90180300E73A01 /* Build configuration list for PBXProject "ios-demo-prj" */ = {
			isa = XCConfigurationList;
			buildConfigurations = (
				F37D0D821B90180400E73A01 /* Debug */,
				F37D0D831B90180400E73A01 /* Release */,
			);
			defaultConfigurationIsVisible = 0;
			defaultConfigurationName = Release;
		};
		F37D0D841B90180400E73A01 /* Build configuration list for PBXNativeTarget "ios-demo-prj" */ = {
			isa = XCConfigurationList;
			buildConfigurations = (
				F37D0D851B90180400E73A01 /* Debug */,
				F37D0D861B90180400E73A01 /* Release */,
			);
			defaultConfigurationIsVisible = 0;
			defaultConfigurationName = Release;
		};
/* End XCConfigurationList section */
	};
	rootObject = F37D0D591B90180300E73A01 /* Project object */;
}
